// !$*UTF8*$!
{
	archiveVersion = 1;
	classes = {
	};
	objectVersion = 46;
	objects = {

/* Begin PBXBuildFile section */
		B3B71940181B092300055AD4 /* main.c in Sources */ = {isa = PBXBuildFile; fileRef = B3B7193F181B092300055AD4 /* main.c */; };
		B3B71942181B092300055AD4 /* PolarCodes.1 in CopyFiles */ = {isa = PBXBuildFile; fileRef = B3B71941181B092300055AD4 /* PolarCodes.1 */; };
/* End PBXBuildFile section */

/* Begin PBXCopyFilesBuildPhase section */
		B3B7193A181B092300055AD4 /* CopyFiles */ = {
			isa = PBXCopyFilesBuildPhase;
			buildActionMask = 2147483647;
			dstPath = /usr/share/man/man1/;
			dstSubfolderSpec = 0;
			files = (
				B3B71942181B092300055AD4 /* PolarCodes.1 in CopyFiles */,
			);
			runOnlyForDeploymentPostprocessing = 1;
		};
/* End PBXCopyFilesBuildPhase section */

/* Begin PBXFileReference section */
		B3B7193C181B092300055AD4 /* PolarCodes */ = {isa = PBXFileReference; explicitFileType = "compiled.mach-o.executable"; includeInIndex = 0; path = PolarCodes; sourceTree = BUILT_PRODUCTS_DIR; };
		B3B7193F181B092300055AD4 /* main.c */ = {isa = PBXFileReference; lastKnownFileType = sourcecode.c.c; path = main.c; sourceTree = "<group>"; };
		B3B71941181B092300055AD4 /* PolarCodes.1 */ = {isa = PBXFileReference; lastKnownFileType = text.man; path = PolarCodes.1; sourceTree = "<group>"; };
/* End PBXFileReference section */

/* Begin PBXFrameworksBuildPhase section */
		B3B71939181B092300055AD4 /* Frameworks */ = {
			isa = PBXFrameworksBuildPhase;
			buildActionMask = 2147483647;
			files = (
			);
			runOnlyForDeploymentPostprocessing = 0;
		};
/* End PBXFrameworksBuildPhase section */

/* Begin PBXGroup section */
		B3B71933181B092300055AD4 = {
			isa = PBXGroup;
			children = (
				B3B7193E181B092300055AD4 /* PolarCodes */,
				B3B7193D181B092300055AD4 /* Products */,
			);
			sourceTree = "<group>";
		};
		B3B7193D181B092300055AD4 /* Products */ = {
			isa = PBXGroup;
			children = (
				B3B7193C181B092300055AD4 /* PolarCodes */,
			);
			name = Products;
			sourceTree = "<group>";
		};
		B3B7193E181B092300055AD4 /* PolarCodes */ = {
			isa = PBXGroup;
			children = (
				B3B7193F181B092300055AD4 /* main.c */,
				B3B71941181B092300055AD4 /* PolarCodes.1 */,
			);
			path = PolarCodes;
			sourceTree = "<group>";
		};
/* End PBXGroup section */

/* Begin PBXNativeTarget section */
		B3B7193B181B092300055AD4 /* PolarCodes */ = {
			isa = PBXNativeTarget;
			buildConfigurationList = B3B71945181B092300055AD4 /* Build configuration list for PBXNativeTarget "PolarCodes" */;
			buildPhases = (
				B3B71938181B092300055AD4 /* Sources */,
				B3B71939181B092300055AD4 /* Frameworks */,
				B3B7193A181B092300055AD4 /* CopyFiles */,
			);
			buildRules = (
			);
			dependencies = (
			);
			name = PolarCodes;
			productName = PolarCodes;
			productReference = B3B7193C181B092300055AD4 /* PolarCodes */;
			productType = "com.apple.product-type.tool";
		};
/* End PBXNativeTarget section */

/* Begin PBXProject section */
		B3B71934181B092300055AD4 /* Project object */ = {
			isa = PBXProject;
			attributes = {
				LastUpgradeCheck = 0500;
				ORGANIZATIONNAME = "Nicola De Franceschi";
			};
			buildConfigurationList = B3B71937181B092300055AD4 /* Build configuration list for PBXProject "PolarCodes" */;
			compatibilityVersion = "Xcode 3.2";
			developmentRegion = English;
			hasScannedForEncodings = 0;
			knownRegions = (
				en,
			);
			mainGroup = B3B71933181B092300055AD4;
			productRefGroup = B3B7193D181B092300055AD4 /* Products */;
			projectDirPath = "";
			projectRoot = "";
			targets = (
				B3B7193B181B092300055AD4 /* PolarCodes */,
			);
		};
/* End PBXProject section */

/* Begin PBXSourcesBuildPhase section */
		B3B71938181B092300055AD4 /* Sources */ = {
			isa = PBXSourcesBuildPhase;
			buildActionMask = 2147483647;
			files = (
				B3B71940181B092300055AD4 /* main.c in Sources */,
			);
			runOnlyForDeploymentPostprocessing = 0;
		};
/* End PBXSourcesBuildPhase section */

/* Begin XCBuildConfiguration section */
		B3B71943181B092300055AD4 /* Debug */ = {
			isa = XCBuildConfiguration;
			buildSettings = {
				ALWAYS_SEARCH_USER_PATHS = NO;
				CLANG_CXX_LANGUAGE_STANDARD = "gnu++0x";
				CLANG_CXX_LIBRARY = "libc++";
				CLANG_ENABLE_OBJC_ARC = YES;
				CLANG_WARN_BOOL_CONVERSION = YES;
				CLANG_WARN_CONSTANT_CONVERSION = YES;
				CLANG_WARN_DIRECT_OBJC_ISA_USAGE = YES_ERROR;
				CLANG_WARN_EMPTY_BODY = YES;
				CLANG_WARN_ENUM_CONVERSION = YES;
				CLANG_WARN_INT_CONVERSION = YES;
				CLANG_WARN_OBJC_ROOT_CLASS = YES_ERROR;
				CLANG_WARN__DUPLICATE_METHOD_MATCH = YES;
				COPY_PHASE_STRIP = NO;
				GCC_C_LANGUAGE_STANDARD = gnu99;
				GCC_DYNAMIC_NO_PIC = NO;
				GCC_ENABLE_OBJC_EXCEPTIONS = YES;
				GCC_OPTIMIZATION_LEVEL = 0;
				GCC_PREPROCESSOR_DEFINITIONS = (
					"DEBUG=1",
					"$(inherited)",
				);
				GCC_SYMBOLS_PRIVATE_EXTERN = NO;
				GCC_WARN_64_TO_32_BIT_CONVERSION = YES;
				GCC_WARN_ABOUT_RETURN_TYPE = YES_ERROR;
				GCC_WARN_UNDECLARED_SELECTOR = YES;
				GCC_WARN_UNINITIALIZED_AUTOS = YES;
				GCC_WARN_UNUSED_FUNCTION = YES;
				GCC_WARN_UNUSED_VARIABLE = YES;
				MACOSX_DEPLOYMENT_TARGET = 10.9;
				ONLY_ACTIVE_ARCH = YES;
				SDKROOT = macosx;
			};
			name = Debug;
		};
		B3B71944181B092300055AD4 /* Release */ = {
			isa = XCBuildConfiguration;
			buildSettings = {
				ALWAYS_SEARCH_USER_PATHS = NO;
				CLANG_CXX_LANGUAGE_STANDARD = "gnu++0x";
				CLANG_CXX_LIBRARY = "libc++";
				CLANG_ENABLE_OBJC_ARC = YES;
				CLANG_WARN_BOOL_CONVERSION = YES;
				CLANG_WARN_CONSTANT_CONVERSION = YES;
				CLANG_WARN_DIRECT_OBJC_ISA_USAGE = YES_ERROR;
				CLANG_WARN_EMPTY_BODY = YES;
				CLANG_WARN_ENUM_CONVERSION = YES;
				CLANG_WARN_INT_CONVERSION = YES;
				CLANG_WARN_OBJC_ROOT_CLASS = YES_ERROR;
				CLANG_WARN__DUPLICATE_METHOD_MATCH = YES;
				COPY_PHASE_STRIP = YES;
				DEBUG_INFORMATION_FORMAT = "dwarf-with-dsym";
				ENABLE_NS_ASSERTIONS = NO;
				GCC_C_LANGUAGE_STANDARD = gnu99;
				GCC_ENABLE_OBJC_EXCEPTIONS = YES;
				GCC_WARN_64_TO_32_BIT_CONVERSION = YES;
				GCC_WARN_ABOUT_RETURN_TYPE = YES_ERROR;
				GCC_WARN_UNDECLARED_SELECTOR = YES;
				GCC_WARN_UNINITIALIZED_AUTOS = YES;
				GCC_WARN_UNUSED_FUNCTION = YES;
				GCC_WARN_UNUSED_VARIABLE = YES;
				MACOSX_DEPLOYMENT_TARGET = 10.9;
				SDKROOT = macosx;
			};
			name = Release;
		};
		B3B71946181B092300055AD4 /* Debug */ = {
			isa = XCBuildConfiguration;
			buildSettings = {
				PRODUCT_NAME = "$(TARGET_NAME)";
			};
			name = Debug;
		};
		B3B71947181B092300055AD4 /* Release */ = {
			isa = XCBuildConfiguration;
			buildSettings = {
				PRODUCT_NAME = "$(TARGET_NAME)";
			};
			name = Release;
		};
/* End XCBuildConfiguration section */

/* Begin XCConfigurationList section */
		B3B71937181B092300055AD4 /* Build configuration list for PBXProject "PolarCodes" */ = {
			isa = XCConfigurationList;
			buildConfigurations = (
				B3B71943181B092300055AD4 /* Debug */,
				B3B71944181B092300055AD4 /* Release */,
			);
			defaultConfigurationIsVisible = 0;
			defaultConfigurationName = Release;
		};
		B3B71945181B092300055AD4 /* Build configuration list for PBXNativeTarget "PolarCodes" */ = {
			isa = XCConfigurationList;
			buildConfigurations = (
				B3B71946181B092300055AD4 /* Debug */,
				B3B71947181B092300055AD4 /* Release */,
			);
			defaultConfigurationIsVisible = 0;
		};
/* End XCConfigurationList section */
	};
	rootObject = B3B71934181B092300055AD4 /* Project object */;
}
