// !$*UTF8*$!
{
	archiveVersion = 1;
	classes = {
	};
	objectVersion = 46;
	objects = {

/* Begin PBXBuildFile section */
		B31E0A2E181CBCF100E941E5 /* main.c in Sources */ = {isa = PBXBuildFile; fileRef = B31E0A2D181CBCF100E941E5 /* main.c */; };
		B31E0A30181CBCF100E941E5 /* pc_simulate.1 in CopyFiles */ = {isa = PBXBuildFile; fileRef = B31E0A2F181CBCF100E941E5 /* pc_simulate.1 */; };
		B31E0A34181CBDDA00E941E5 /* channels.c in Sources */ = {isa = PBXBuildFile; fileRef = B3B7195D181B0AD900055AD4 /* channels.c */; };
		B31E0A36181CBDDA00E941E5 /* double_ei.c in Sources */ = {isa = PBXBuildFile; fileRef = B3B7195F181B0AD900055AD4 /* double_ei.c */; };
		B31E0A38181CBDDA00E941E5 /* pc_construction.c in Sources */ = {isa = PBXBuildFile; fileRef = B3B71961181B0AD900055AD4 /* pc_construction.c */; };
		B31E0A3A181CBDDA00E941E5 /* pc_decode_internal.c in Sources */ = {isa = PBXBuildFile; fileRef = B3B71963181B0AD900055AD4 /* pc_decode_internal.c */; };
		B31E0A3C181CBDDA00E941E5 /* pc_decode.c in Sources */ = {isa = PBXBuildFile; fileRef = B3B71965181B0AD900055AD4 /* pc_decode.c */; };
		B31E0A3E181CBDDA00E941E5 /* pc_encode.c in Sources */ = {isa = PBXBuildFile; fileRef = B3B71967181B0AD900055AD4 /* pc_encode.c */; };
		B31E0A40181CBDDA00E941E5 /* polar_codes.c in Sources */ = {isa = PBXBuildFile; fileRef = B3B71969181B0AD900055AD4 /* polar_codes.c */; };
		B31E0A42181CBDDA00E941E5 /* bhattacharyya_files.c in Sources */ = {isa = PBXBuildFile; fileRef = B3B719AC181B15AE00055AD4 /* bhattacharyya_files.c */; };
		B36B90AE181CCA41008E21AB /* error_rate.c in Sources */ = {isa = PBXBuildFile; fileRef = B36B90AD181CCA41008E21AB /* error_rate.c */; };
		B36B90AF181CCA41008E21AB /* error_rate.c in Sources */ = {isa = PBXBuildFile; fileRef = B36B90AD181CCA41008E21AB /* error_rate.c */; };
		B3B7197B181B0C5500055AD4 /* Test_double_ei.1 in CopyFiles */ = {isa = PBXBuildFile; fileRef = B3B7197A181B0C5500055AD4 /* Test_double_ei.1 */; };
		B3B71981181B0CAB00055AD4 /* double_ei.c in Sources */ = {isa = PBXBuildFile; fileRef = B3B7195F181B0AD900055AD4 /* double_ei.c */; };
		B3B71995181B0CFC00055AD4 /* main.c in Sources */ = {isa = PBXBuildFile; fileRef = B3B71994181B0CFC00055AD4 /* main.c */; };
		B3B71997181B0CFC00055AD4 /* pc_construction.1 in CopyFiles */ = {isa = PBXBuildFile; fileRef = B3B71996181B0CFC00055AD4 /* pc_construction.1 */; };
		B3B7199C181B0D3100055AD4 /* main.c in Sources */ = {isa = PBXBuildFile; fileRef = B3B7199B181B0D3100055AD4 /* main.c */; };
		B3B7199D181B127A00055AD4 /* channels.c in Sources */ = {isa = PBXBuildFile; fileRef = B3B7195D181B0AD900055AD4 /* channels.c */; };
		B3B7199F181B127A00055AD4 /* double_ei.c in Sources */ = {isa = PBXBuildFile; fileRef = B3B7195F181B0AD900055AD4 /* double_ei.c */; };
		B3B719A1181B127A00055AD4 /* pc_construction.c in Sources */ = {isa = PBXBuildFile; fileRef = B3B71961181B0AD900055AD4 /* pc_construction.c */; };
		B3B719A3181B127A00055AD4 /* pc_decode_internal.c in Sources */ = {isa = PBXBuildFile; fileRef = B3B71963181B0AD900055AD4 /* pc_decode_internal.c */; };
		B3B719A5181B127A00055AD4 /* pc_decode.c in Sources */ = {isa = PBXBuildFile; fileRef = B3B71965181B0AD900055AD4 /* pc_decode.c */; };
		B3B719A7181B127A00055AD4 /* pc_encode.c in Sources */ = {isa = PBXBuildFile; fileRef = B3B71967181B0AD900055AD4 /* pc_encode.c */; };
		B3B719A9181B127A00055AD4 /* polar_codes.c in Sources */ = {isa = PBXBuildFile; fileRef = B3B71969181B0AD900055AD4 /* polar_codes.c */; };
		B3B719AD181B15AE00055AD4 /* bhattacharyya_files.c in Sources */ = {isa = PBXBuildFile; fileRef = B3B719AC181B15AE00055AD4 /* bhattacharyya_files.c */; };
		B3E4D4331843CE3700EAA309 /* main.c in Sources */ = {isa = PBXBuildFile; fileRef = B3E4D4321843CE3700EAA309 /* main.c */; };
		B3E4D4351843CE3700EAA309 /* Test_bec.1 in CopyFiles */ = {isa = PBXBuildFile; fileRef = B3E4D4341843CE3700EAA309 /* Test_bec.1 */; };
		B3E4D4391843CE7200EAA309 /* channels.c in Sources */ = {isa = PBXBuildFile; fileRef = B3B7195D181B0AD900055AD4 /* channels.c */; };
		B3E4D43A1843CE7200EAA309 /* channels.h in Sources */ = {isa = PBXBuildFile; fileRef = B3B7195E181B0AD900055AD4 /* channels.h */; };
		B3E4D43B1843CE7200EAA309 /* double_ei.c in Sources */ = {isa = PBXBuildFile; fileRef = B3B7195F181B0AD900055AD4 /* double_ei.c */; };
		B3E4D43C1843CE7200EAA309 /* double_ei.h in Sources */ = {isa = PBXBuildFile; fileRef = B3B71960181B0AD900055AD4 /* double_ei.h */; };
		B3E4D43D1843CE7200EAA309 /* pc_construction.c in Sources */ = {isa = PBXBuildFile; fileRef = B3B71961181B0AD900055AD4 /* pc_construction.c */; };
		B3E4D43E1843CE7200EAA309 /* pc_construction.h in Sources */ = {isa = PBXBuildFile; fileRef = B3B71962181B0AD900055AD4 /* pc_construction.h */; };
		B3E4D43F1843CE7200EAA309 /* pc_decode_internal.c in Sources */ = {isa = PBXBuildFile; fileRef = B3B71963181B0AD900055AD4 /* pc_decode_internal.c */; };
		B3E4D4401843CE7200EAA309 /* pc_decode_internal.h in Sources */ = {isa = PBXBuildFile; fileRef = B3B71964181B0AD900055AD4 /* pc_decode_internal.h */; };
		B3E4D4411843CE7200EAA309 /* pc_decode.c in Sources */ = {isa = PBXBuildFile; fileRef = B3B71965181B0AD900055AD4 /* pc_decode.c */; };
		B3E4D4421843CE7200EAA309 /* pc_decode.h in Sources */ = {isa = PBXBuildFile; fileRef = B3B71966181B0AD900055AD4 /* pc_decode.h */; };
		B3E4D4431843CE7200EAA309 /* pc_encode.c in Sources */ = {isa = PBXBuildFile; fileRef = B3B71967181B0AD900055AD4 /* pc_encode.c */; };
		B3E4D4441843CE7200EAA309 /* pc_encode.h in Sources */ = {isa = PBXBuildFile; fileRef = B3B71968181B0AD900055AD4 /* pc_encode.h */; };
		B3E4D4451843CE7200EAA309 /* polar_codes.c in Sources */ = {isa = PBXBuildFile; fileRef = B3B71969181B0AD900055AD4 /* polar_codes.c */; };
		B3E4D4461843CE7200EAA309 /* polar_codes.h in Sources */ = {isa = PBXBuildFile; fileRef = B3B7196A181B0AD900055AD4 /* polar_codes.h */; };
		B3E4D4471843CE7200EAA309 /* bhattacharyya_files.c in Sources */ = {isa = PBXBuildFile; fileRef = B3B719AC181B15AE00055AD4 /* bhattacharyya_files.c */; };
		B3E4D4481843CE7200EAA309 /* bhattacharyya_files.h in Sources */ = {isa = PBXBuildFile; fileRef = B3B719AB181B159B00055AD4 /* bhattacharyya_files.h */; };
		B3E4D4491843CE7200EAA309 /* error_rate.h in Sources */ = {isa = PBXBuildFile; fileRef = B36B90AC181CCA2E008E21AB /* error_rate.h */; };
		B3E4D44A1843CE7200EAA309 /* error_rate.c in Sources */ = {isa = PBXBuildFile; fileRef = B36B90AD181CCA41008E21AB /* error_rate.c */; };
/* End PBXBuildFile section */

/* Begin PBXCopyFilesBuildPhase section */
		B31E0A29181CBCF100E941E5 /* CopyFiles */ = {
			isa = PBXCopyFilesBuildPhase;
			buildActionMask = 2147483647;
			dstPath = /usr/share/man/man1/;
			dstSubfolderSpec = 0;
			files = (
				B31E0A30181CBCF100E941E5 /* pc_simulate.1 in CopyFiles */,
			);
			runOnlyForDeploymentPostprocessing = 1;
		};
		B3B71974181B0C5500055AD4 /* CopyFiles */ = {
			isa = PBXCopyFilesBuildPhase;
			buildActionMask = 2147483647;
			dstPath = /usr/share/man/man1/;
			dstSubfolderSpec = 0;
			files = (
				B3B7197B181B0C5500055AD4 /* Test_double_ei.1 in CopyFiles */,
			);
			runOnlyForDeploymentPostprocessing = 1;
		};
		B3B71990181B0CFC00055AD4 /* CopyFiles */ = {
			isa = PBXCopyFilesBuildPhase;
			buildActionMask = 2147483647;
			dstPath = /usr/share/man/man1/;
			dstSubfolderSpec = 0;
			files = (
				B3B71997181B0CFC00055AD4 /* pc_construction.1 in CopyFiles */,
			);
			runOnlyForDeploymentPostprocessing = 1;
		};
		B3E4D42E1843CE3700EAA309 /* CopyFiles */ = {
			isa = PBXCopyFilesBuildPhase;
			buildActionMask = 2147483647;
			dstPath = /usr/share/man/man1/;
			dstSubfolderSpec = 0;
			files = (
				B3E4D4351843CE3700EAA309 /* Test_bec.1 in CopyFiles */,
			);
			runOnlyForDeploymentPostprocessing = 1;
		};
/* End PBXCopyFilesBuildPhase section */

/* Begin PBXFileReference section */
		B31E0A21181CBADA00E941E5 /* .gitignore */ = {isa = PBXFileReference; lastKnownFileType = text; path = .gitignore; sourceTree = "<group>"; };
		B31E0A22181CBB5900E941E5 /* batch_pc_construction.sh */ = {isa = PBXFileReference; lastKnownFileType = text.script.sh; path = batch_pc_construction.sh; sourceTree = "<group>"; };
		B31E0A23181CBB5900E941E5 /* Makefile */ = {isa = PBXFileReference; explicitFileType = sourcecode.make; path = Makefile; sourceTree = "<group>"; };
		B31E0A24181CBB5900E941E5 /* pc_construction_launcher.sh */ = {isa = PBXFileReference; lastKnownFileType = text.script.sh; path = pc_construction_launcher.sh; sourceTree = "<group>"; };
		B31E0A25181CBB5900E941E5 /* qbatch_pc_construction.sh */ = {isa = PBXFileReference; lastKnownFileType = text.script.sh; path = qbatch_pc_construction.sh; sourceTree = "<group>"; };
		B31E0A26181CBB5900E941E5 /* test.sh */ = {isa = PBXFileReference; lastKnownFileType = text.script.sh; path = test.sh; sourceTree = "<group>"; };
		B31E0A2B181CBCF100E941E5 /* pc_simulate */ = {isa = PBXFileReference; explicitFileType = "compiled.mach-o.executable"; includeInIndex = 0; path = pc_simulate; sourceTree = BUILT_PRODUCTS_DIR; };
		B31E0A2D181CBCF100E941E5 /* main.c */ = {isa = PBXFileReference; lastKnownFileType = sourcecode.c.c; path = main.c; sourceTree = "<group>"; };
		B31E0A2F181CBCF100E941E5 /* pc_simulate.1 */ = {isa = PBXFileReference; lastKnownFileType = text.man; path = pc_simulate.1; sourceTree = "<group>"; };
		B36B90AC181CCA2E008E21AB /* error_rate.h */ = {isa = PBXFileReference; lastKnownFileType = sourcecode.c.h; path = error_rate.h; sourceTree = "<group>"; };
		B36B90AD181CCA41008E21AB /* error_rate.c */ = {isa = PBXFileReference; fileEncoding = 4; lastKnownFileType = sourcecode.c.c; path = error_rate.c; sourceTree = "<group>"; };
		B3B458DB181D686A008FB52F /* pc_simulate_launcher.sh */ = {isa = PBXFileReference; lastKnownFileType = text.script.sh; path = pc_simulate_launcher.sh; sourceTree = "<group>"; };
		B3B458DC181D686A008FB52F /* qbatch_pc_simulate.sh */ = {isa = PBXFileReference; lastKnownFileType = text.script.sh; path = qbatch_pc_simulate.sh; sourceTree = "<group>"; };
		B3B7195D181B0AD900055AD4 /* channels.c */ = {isa = PBXFileReference; fileEncoding = 4; lastKnownFileType = sourcecode.c.c; path = channels.c; sourceTree = "<group>"; };
		B3B7195E181B0AD900055AD4 /* channels.h */ = {isa = PBXFileReference; fileEncoding = 4; lastKnownFileType = sourcecode.c.h; path = channels.h; sourceTree = "<group>"; };
		B3B7195F181B0AD900055AD4 /* double_ei.c */ = {isa = PBXFileReference; fileEncoding = 4; lastKnownFileType = sourcecode.c.c; path = double_ei.c; sourceTree = "<group>"; };
		B3B71960181B0AD900055AD4 /* double_ei.h */ = {isa = PBXFileReference; fileEncoding = 4; lastKnownFileType = sourcecode.c.h; path = double_ei.h; sourceTree = "<group>"; };
		B3B71961181B0AD900055AD4 /* pc_construction.c */ = {isa = PBXFileReference; fileEncoding = 4; lastKnownFileType = sourcecode.c.c; path = pc_construction.c; sourceTree = "<group>"; };
		B3B71962181B0AD900055AD4 /* pc_construction.h */ = {isa = PBXFileReference; fileEncoding = 4; lastKnownFileType = sourcecode.c.h; path = pc_construction.h; sourceTree = "<group>"; };
		B3B71963181B0AD900055AD4 /* pc_decode_internal.c */ = {isa = PBXFileReference; fileEncoding = 4; lastKnownFileType = sourcecode.c.c; path = pc_decode_internal.c; sourceTree = "<group>"; };
		B3B71964181B0AD900055AD4 /* pc_decode_internal.h */ = {isa = PBXFileReference; fileEncoding = 4; lastKnownFileType = sourcecode.c.h; path = pc_decode_internal.h; sourceTree = "<group>"; };
		B3B71965181B0AD900055AD4 /* pc_decode.c */ = {isa = PBXFileReference; fileEncoding = 4; lastKnownFileType = sourcecode.c.c; path = pc_decode.c; sourceTree = "<group>"; };
		B3B71966181B0AD900055AD4 /* pc_decode.h */ = {isa = PBXFileReference; fileEncoding = 4; lastKnownFileType = sourcecode.c.h; path = pc_decode.h; sourceTree = "<group>"; };
		B3B71967181B0AD900055AD4 /* pc_encode.c */ = {isa = PBXFileReference; fileEncoding = 4; lastKnownFileType = sourcecode.c.c; path = pc_encode.c; sourceTree = "<group>"; };
		B3B71968181B0AD900055AD4 /* pc_encode.h */ = {isa = PBXFileReference; fileEncoding = 4; lastKnownFileType = sourcecode.c.h; path = pc_encode.h; sourceTree = "<group>"; };
		B3B71969181B0AD900055AD4 /* polar_codes.c */ = {isa = PBXFileReference; fileEncoding = 4; lastKnownFileType = sourcecode.c.c; path = polar_codes.c; sourceTree = "<group>"; };
		B3B7196A181B0AD900055AD4 /* polar_codes.h */ = {isa = PBXFileReference; fileEncoding = 4; lastKnownFileType = sourcecode.c.h; path = polar_codes.h; sourceTree = "<group>"; };
		B3B71976181B0C5500055AD4 /* Test_double_ei */ = {isa = PBXFileReference; explicitFileType = "compiled.mach-o.executable"; includeInIndex = 0; path = Test_double_ei; sourceTree = BUILT_PRODUCTS_DIR; };
		B3B7197A181B0C5500055AD4 /* Test_double_ei.1 */ = {isa = PBXFileReference; lastKnownFileType = text.man; path = Test_double_ei.1; sourceTree = "<group>"; };
		B3B71992181B0CFC00055AD4 /* pc_construction */ = {isa = PBXFileReference; explicitFileType = "compiled.mach-o.executable"; includeInIndex = 0; path = pc_construction; sourceTree = BUILT_PRODUCTS_DIR; };
		B3B71994181B0CFC00055AD4 /* main.c */ = {isa = PBXFileReference; lastKnownFileType = sourcecode.c.c; path = main.c; sourceTree = "<group>"; };
		B3B71996181B0CFC00055AD4 /* pc_construction.1 */ = {isa = PBXFileReference; lastKnownFileType = text.man; path = pc_construction.1; sourceTree = "<group>"; };
		B3B7199B181B0D3100055AD4 /* main.c */ = {isa = PBXFileReference; fileEncoding = 4; lastKnownFileType = sourcecode.c.c; path = main.c; sourceTree = "<group>"; };
		B3B719AB181B159B00055AD4 /* bhattacharyya_files.h */ = {isa = PBXFileReference; fileEncoding = 4; lastKnownFileType = sourcecode.c.h; path = bhattacharyya_files.h; sourceTree = "<group>"; };
		B3B719AC181B15AE00055AD4 /* bhattacharyya_files.c */ = {isa = PBXFileReference; fileEncoding = 4; lastKnownFileType = sourcecode.c.c; path = bhattacharyya_files.c; sourceTree = "<group>"; };
		B3E4D4301843CE3700EAA309 /* Test_bec */ = {isa = PBXFileReference; explicitFileType = "compiled.mach-o.executable"; includeInIndex = 0; path = Test_bec; sourceTree = BUILT_PRODUCTS_DIR; };
		B3E4D4321843CE3700EAA309 /* main.c */ = {isa = PBXFileReference; lastKnownFileType = sourcecode.c.c; path = main.c; sourceTree = "<group>"; };
		B3E4D4341843CE3700EAA309 /* Test_bec.1 */ = {isa = PBXFileReference; lastKnownFileType = text.man; path = Test_bec.1; sourceTree = "<group>"; };
		B3E4D51D18500DAA00EAA309 /* get_bhattacharyya.m */ = {isa = PBXFileReference; lastKnownFileType = sourcecode.c.objc; path = get_bhattacharyya.m; sourceTree = "<group>"; };
		B3E4D51E18500DAA00EAA309 /* get_error_rate.m */ = {isa = PBXFileReference; lastKnownFileType = sourcecode.c.objc; path = get_error_rate.m; sourceTree = "<group>"; };
		B3E4D51F18500DAA00EAA309 /* mex_pc_decode.mexmaci64 */ = {isa = PBXFileReference; lastKnownFileType = "compiled.mach-o.bundle"; path = mex_pc_decode.mexmaci64; sourceTree = "<group>"; };
		B3E4D52018500DAA00EAA309 /* mex_pc_encode.mexmaci64 */ = {isa = PBXFileReference; lastKnownFileType = "compiled.mach-o.bundle"; path = mex_pc_encode.mexmaci64; sourceTree = "<group>"; };
		B3E4D52118500DAA00EAA309 /* pc_compile.m */ = {isa = PBXFileReference; lastKnownFileType = sourcecode.c.objc; path = pc_compile.m; sourceTree = "<group>"; };
		B3E4D52218500DAA00EAA309 /* pc_decode.m */ = {isa = PBXFileReference; lastKnownFileType = sourcecode.c.objc; path = pc_decode.m; sourceTree = "<group>"; };
		B3E4D52318500DAA00EAA309 /* pc_encode.m */ = {isa = PBXFileReference; lastKnownFileType = sourcecode.c.objc; path = pc_encode.m; sourceTree = "<group>"; };
/* End PBXFileReference section */

/* Begin PBXFrameworksBuildPhase section */
		B31E0A28181CBCF100E941E5 /* Frameworks */ = {
			isa = PBXFrameworksBuildPhase;
			buildActionMask = 2147483647;
			files = (
			);
			runOnlyForDeploymentPostprocessing = 0;
		};
		B3B71973181B0C5500055AD4 /* Frameworks */ = {
			isa = PBXFrameworksBuildPhase;
			buildActionMask = 2147483647;
			files = (
			);
			runOnlyForDeploymentPostprocessing = 0;
		};
		B3B7198F181B0CFC00055AD4 /* Frameworks */ = {
			isa = PBXFrameworksBuildPhase;
			buildActionMask = 2147483647;
			files = (
			);
			runOnlyForDeploymentPostprocessing = 0;
		};
		B3E4D42D1843CE3700EAA309 /* Frameworks */ = {
			isa = PBXFrameworksBuildPhase;
			buildActionMask = 2147483647;
			files = (
			);
			runOnlyForDeploymentPostprocessing = 0;
		};
/* End PBXFrameworksBuildPhase section */

/* Begin PBXGroup section */
		B31E0A2C181CBCF100E941E5 /* PC_pc_simulate */ = {
			isa = PBXGroup;
			children = (
				B31E0A2D181CBCF100E941E5 /* main.c */,
				B31E0A2F181CBCF100E941E5 /* pc_simulate.1 */,
			);
			path = PC_pc_simulate;
			sourceTree = "<group>";
		};
		B3B71933181B092300055AD4 = {
			isa = PBXGroup;
			children = (
				B31E0A22181CBB5900E941E5 /* batch_pc_construction.sh */,
				B31E0A24181CBB5900E941E5 /* pc_construction_launcher.sh */,
				B31E0A25181CBB5900E941E5 /* qbatch_pc_construction.sh */,
				B3B458DB181D686A008FB52F /* pc_simulate_launcher.sh */,
				B3B458DC181D686A008FB52F /* qbatch_pc_simulate.sh */,
				B31E0A26181CBB5900E941E5 /* test.sh */,
				B31E0A23181CBB5900E941E5 /* Makefile */,
				B31E0A21181CBADA00E941E5 /* .gitignore */,
				B3E4D51C18500DAA00EAA309 /* MATLAB */,
				B3B7193E181B092300055AD4 /* PolarCodes */,
				B3B71977181B0C5500055AD4 /* PCTest_double_ei */,
				B3B71993181B0CFC00055AD4 /* PC_pc_construction */,
				B31E0A2C181CBCF100E941E5 /* PC_pc_simulate */,
				B3E4D4311843CE3700EAA309 /* PCTest_bec */,
				B3B7193D181B092300055AD4 /* Products */,
			);
			sourceTree = "<group>";
		};
		B3B7193D181B092300055AD4 /* Products */ = {
			isa = PBXGroup;
			children = (
				B3B71976181B0C5500055AD4 /* Test_double_ei */,
				B3B71992181B0CFC00055AD4 /* pc_construction */,
				B31E0A2B181CBCF100E941E5 /* pc_simulate */,
				B3E4D4301843CE3700EAA309 /* Test_bec */,
			);
			name = Products;
			sourceTree = "<group>";
		};
		B3B7193E181B092300055AD4 /* PolarCodes */ = {
			isa = PBXGroup;
			children = (
				B3B7195D181B0AD900055AD4 /* channels.c */,
				B3B7195E181B0AD900055AD4 /* channels.h */,
				B3B7195F181B0AD900055AD4 /* double_ei.c */,
				B3B71960181B0AD900055AD4 /* double_ei.h */,
				B3B71961181B0AD900055AD4 /* pc_construction.c */,
				B3B71962181B0AD900055AD4 /* pc_construction.h */,
				B3B71963181B0AD900055AD4 /* pc_decode_internal.c */,
				B3B71964181B0AD900055AD4 /* pc_decode_internal.h */,
				B3B71965181B0AD900055AD4 /* pc_decode.c */,
				B3B71966181B0AD900055AD4 /* pc_decode.h */,
				B3B71967181B0AD900055AD4 /* pc_encode.c */,
				B3B71968181B0AD900055AD4 /* pc_encode.h */,
				B3B71969181B0AD900055AD4 /* polar_codes.c */,
				B3B7196A181B0AD900055AD4 /* polar_codes.h */,
				B3B719AC181B15AE00055AD4 /* bhattacharyya_files.c */,
				B3B719AB181B159B00055AD4 /* bhattacharyya_files.h */,
				B36B90AC181CCA2E008E21AB /* error_rate.h */,
				B36B90AD181CCA41008E21AB /* error_rate.c */,
			);
			path = PolarCodes;
			sourceTree = "<group>";
		};
		B3B71977181B0C5500055AD4 /* PCTest_double_ei */ = {
			isa = PBXGroup;
			children = (
				B3B7199B181B0D3100055AD4 /* main.c */,
				B3B7197A181B0C5500055AD4 /* Test_double_ei.1 */,
			);
			path = PCTest_double_ei;
			sourceTree = "<group>";
		};
		B3B71993181B0CFC00055AD4 /* PC_pc_construction */ = {
			isa = PBXGroup;
			children = (
				B3B71994181B0CFC00055AD4 /* main.c */,
				B3B71996181B0CFC00055AD4 /* pc_construction.1 */,
			);
			path = PC_pc_construction;
			sourceTree = "<group>";
		};
		B3E4D4311843CE3700EAA309 /* PCTest_bec */ = {
			isa = PBXGroup;
			children = (
				B3E4D4321843CE3700EAA309 /* main.c */,
				B3E4D4341843CE3700EAA309 /* Test_bec.1 */,
			);
			path = PCTest_bec;
			sourceTree = "<group>";
		};
		B3E4D51C18500DAA00EAA309 /* MATLAB */ = {
			isa = PBXGroup;
			children = (
				B3E4D51D18500DAA00EAA309 /* get_bhattacharyya.m */,
				B3E4D51E18500DAA00EAA309 /* get_error_rate.m */,
				B3E4D51F18500DAA00EAA309 /* mex_pc_decode.mexmaci64 */,
				B3E4D52018500DAA00EAA309 /* mex_pc_encode.mexmaci64 */,
				B3E4D52118500DAA00EAA309 /* pc_compile.m */,
				B3E4D52218500DAA00EAA309 /* pc_decode.m */,
				B3E4D52318500DAA00EAA309 /* pc_encode.m */,
			);
			path = MATLAB;
			sourceTree = "<group>";
		};
/* End PBXGroup section */

/* Begin PBXNativeTarget section */
		B31E0A2A181CBCF100E941E5 /* pc_simulate */ = {
			isa = PBXNativeTarget;
			buildConfigurationList = B31E0A31181CBCF100E941E5 /* Build configuration list for PBXNativeTarget "pc_simulate" */;
			buildPhases = (
				B31E0A27181CBCF100E941E5 /* Sources */,
				B31E0A28181CBCF100E941E5 /* Frameworks */,
				B31E0A29181CBCF100E941E5 /* CopyFiles */,
			);
			buildRules = (
			);
			dependencies = (
			);
			name = pc_simulate;
			productName = pc_simulate;
			productReference = B31E0A2B181CBCF100E941E5 /* pc_simulate */;
			productType = "com.apple.product-type.tool";
		};
		B3B71975181B0C5500055AD4 /* Test_double_ei */ = {
			isa = PBXNativeTarget;
			buildConfigurationList = B3B7197C181B0C5500055AD4 /* Build configuration list for PBXNativeTarget "Test_double_ei" */;
			buildPhases = (
				B3B71972181B0C5500055AD4 /* Sources */,
				B3B71973181B0C5500055AD4 /* Frameworks */,
				B3B71974181B0C5500055AD4 /* CopyFiles */,
			);
			buildRules = (
			);
			dependencies = (
			);
			name = Test_double_ei;
			productName = Test_double_ei;
			productReference = B3B71976181B0C5500055AD4 /* Test_double_ei */;
			productType = "com.apple.product-type.tool";
		};
		B3B71991181B0CFC00055AD4 /* pc_construction */ = {
			isa = PBXNativeTarget;
			buildConfigurationList = B3B71998181B0CFC00055AD4 /* Build configuration list for PBXNativeTarget "pc_construction" */;
			buildPhases = (
				B3B7198E181B0CFC00055AD4 /* Sources */,
				B3B7198F181B0CFC00055AD4 /* Frameworks */,
				B3B71990181B0CFC00055AD4 /* CopyFiles */,
			);
			buildRules = (
			);
			dependencies = (
			);
			name = pc_construction;
			productName = pc_construction;
			productReference = B3B71992181B0CFC00055AD4 /* pc_construction */;
			productType = "com.apple.product-type.tool";
		};
		B3E4D42F1843CE3700EAA309 /* Test_bec */ = {
			isa = PBXNativeTarget;
			buildConfigurationList = B3E4D4381843CE3700EAA309 /* Build configuration list for PBXNativeTarget "Test_bec" */;
			buildPhases = (
				B3E4D42C1843CE3700EAA309 /* Sources */,
				B3E4D42D1843CE3700EAA309 /* Frameworks */,
				B3E4D42E1843CE3700EAA309 /* CopyFiles */,
			);
			buildRules = (
			);
			dependencies = (
			);
			name = Test_bec;
			productName = Test_bec;
			productReference = B3E4D4301843CE3700EAA309 /* Test_bec */;
			productType = "com.apple.product-type.tool";
		};
/* End PBXNativeTarget section */

/* Begin PBXProject section */
		B3B71934181B092300055AD4 /* Project object */ = {
			isa = PBXProject;
			attributes = {
				LastUpgradeCheck = 0500;
				ORGANIZATIONNAME = "Nicola De Franceschi";
			};
			buildConfigurationList = B3B71937181B092300055AD4 /* Build configuration list for PBXProject "PolarCodes" */;
			compatibilityVersion = "Xcode 3.2";
			developmentRegion = English;
			hasScannedForEncodings = 0;
			knownRegions = (
				en,
			);
			mainGroup = B3B71933181B092300055AD4;
			productRefGroup = B3B7193D181B092300055AD4 /* Products */;
			projectDirPath = "";
			projectRoot = "";
			targets = (
				B3B71975181B0C5500055AD4 /* Test_double_ei */,
				B3B71991181B0CFC00055AD4 /* pc_construction */,
				B31E0A2A181CBCF100E941E5 /* pc_simulate */,
				B3E4D42F1843CE3700EAA309 /* Test_bec */,
			);
		};
/* End PBXProject section */

/* Begin PBXSourcesBuildPhase section */
		B31E0A27181CBCF100E941E5 /* Sources */ = {
			isa = PBXSourcesBuildPhase;
			buildActionMask = 2147483647;
			files = (
				B31E0A34181CBDDA00E941E5 /* channels.c in Sources */,
				B31E0A36181CBDDA00E941E5 /* double_ei.c in Sources */,
				B31E0A38181CBDDA00E941E5 /* pc_construction.c in Sources */,
				B31E0A3A181CBDDA00E941E5 /* pc_decode_internal.c in Sources */,
				B36B90AF181CCA41008E21AB /* error_rate.c in Sources */,
				B31E0A3C181CBDDA00E941E5 /* pc_decode.c in Sources */,
				B31E0A3E181CBDDA00E941E5 /* pc_encode.c in Sources */,
				B31E0A40181CBDDA00E941E5 /* polar_codes.c in Sources */,
				B31E0A42181CBDDA00E941E5 /* bhattacharyya_files.c in Sources */,
				B31E0A2E181CBCF100E941E5 /* main.c in Sources */,
			);
			runOnlyForDeploymentPostprocessing = 0;
		};
		B3B71972181B0C5500055AD4 /* Sources */ = {
			isa = PBXSourcesBuildPhase;
			buildActionMask = 2147483647;
			files = (
				B3B71981181B0CAB00055AD4 /* double_ei.c in Sources */,
				B3B7199C181B0D3100055AD4 /* main.c in Sources */,
			);
			runOnlyForDeploymentPostprocessing = 0;
		};
		B3B7198E181B0CFC00055AD4 /* Sources */ = {
			isa = PBXSourcesBuildPhase;
			buildActionMask = 2147483647;
			files = (
				B3B7199D181B127A00055AD4 /* channels.c in Sources */,
				B3B7199F181B127A00055AD4 /* double_ei.c in Sources */,
				B3B719A1181B127A00055AD4 /* pc_construction.c in Sources */,
				B3B719A3181B127A00055AD4 /* pc_decode_internal.c in Sources */,
				B36B90AE181CCA41008E21AB /* error_rate.c in Sources */,
				B3B719A5181B127A00055AD4 /* pc_decode.c in Sources */,
				B3B719A7181B127A00055AD4 /* pc_encode.c in Sources */,
				B3B719A9181B127A00055AD4 /* polar_codes.c in Sources */,
				B3B719AD181B15AE00055AD4 /* bhattacharyya_files.c in Sources */,
				B3B71995181B0CFC00055AD4 /* main.c in Sources */,
			);
			runOnlyForDeploymentPostprocessing = 0;
		};
		B3E4D42C1843CE3700EAA309 /* Sources */ = {
			isa = PBXSourcesBuildPhase;
			buildActionMask = 2147483647;
			files = (
				B3E4D4391843CE7200EAA309 /* channels.c in Sources */,
				B3E4D43A1843CE7200EAA309 /* channels.h in Sources */,
				B3E4D43B1843CE7200EAA309 /* double_ei.c in Sources */,
				B3E4D43C1843CE7200EAA309 /* double_ei.h in Sources */,
				B3E4D43D1843CE7200EAA309 /* pc_construction.c in Sources */,
				B3E4D43E1843CE7200EAA309 /* pc_construction.h in Sources */,
				B3E4D43F1843CE7200EAA309 /* pc_decode_internal.c in Sources */,
				B3E4D4401843CE7200EAA309 /* pc_decode_internal.h in Sources */,
				B3E4D4411843CE7200EAA309 /* pc_decode.c in Sources */,
				B3E4D4421843CE7200EAA309 /* pc_decode.h in Sources */,
				B3E4D4431843CE7200EAA309 /* pc_encode.c in Sources */,
				B3E4D4441843CE7200EAA309 /* pc_encode.h in Sources */,
				B3E4D4451843CE7200EAA309 /* polar_codes.c in Sources */,
				B3E4D4461843CE7200EAA309 /* polar_codes.h in Sources */,
				B3E4D4471843CE7200EAA309 /* bhattacharyya_files.c in Sources */,
				B3E4D4481843CE7200EAA309 /* bhattacharyya_files.h in Sources */,
				B3E4D4491843CE7200EAA309 /* error_rate.h in Sources */,
				B3E4D44A1843CE7200EAA309 /* error_rate.c in Sources */,
				B3E4D4331843CE3700EAA309 /* main.c in Sources */,
			);
			runOnlyForDeploymentPostprocessing = 0;
		};
/* End PBXSourcesBuildPhase section */

/* Begin XCBuildConfiguration section */
		B31E0A32181CBCF100E941E5 /* Debug */ = {
			isa = XCBuildConfiguration;
			buildSettings = {
				GCC_PREPROCESSOR_DEFINITIONS = (
					"DEBUG=1",
					"$(inherited)",
				);
				MACOSX_DEPLOYMENT_TARGET = 10.8;
				PRODUCT_NAME = "$(TARGET_NAME)";
			};
			name = Debug;
		};
		B31E0A33181CBCF100E941E5 /* Release */ = {
			isa = XCBuildConfiguration;
			buildSettings = {
				MACOSX_DEPLOYMENT_TARGET = 10.8;
				PRODUCT_NAME = "$(TARGET_NAME)";
			};
			name = Release;
		};
		B3B71943181B092300055AD4 /* Debug */ = {
			isa = XCBuildConfiguration;
			buildSettings = {
				ALWAYS_SEARCH_USER_PATHS = NO;
				CLANG_CXX_LANGUAGE_STANDARD = "gnu++0x";
				CLANG_CXX_LIBRARY = "libc++";
				CLANG_ENABLE_OBJC_ARC = YES;
				CLANG_WARN_BOOL_CONVERSION = YES;
				CLANG_WARN_CONSTANT_CONVERSION = YES;
				CLANG_WARN_DIRECT_OBJC_ISA_USAGE = YES_ERROR;
				CLANG_WARN_EMPTY_BODY = YES;
				CLANG_WARN_ENUM_CONVERSION = YES;
				CLANG_WARN_INT_CONVERSION = YES;
				CLANG_WARN_OBJC_ROOT_CLASS = YES_ERROR;
				CLANG_WARN__DUPLICATE_METHOD_MATCH = YES;
				COPY_PHASE_STRIP = NO;
				GCC_C_LANGUAGE_STANDARD = gnu99;
				GCC_DYNAMIC_NO_PIC = NO;
				GCC_ENABLE_OBJC_EXCEPTIONS = YES;
				GCC_OPTIMIZATION_LEVEL = 0;
				GCC_PREPROCESSOR_DEFINITIONS = (
					"DEBUG=1",
					"$(inherited)",
				);
				GCC_SYMBOLS_PRIVATE_EXTERN = NO;
				GCC_WARN_64_TO_32_BIT_CONVERSION = YES;
				GCC_WARN_ABOUT_RETURN_TYPE = YES_ERROR;
				GCC_WARN_UNDECLARED_SELECTOR = YES;
				GCC_WARN_UNINITIALIZED_AUTOS = YES;
				GCC_WARN_UNUSED_FUNCTION = YES;
				GCC_WARN_UNUSED_VARIABLE = YES;
				MACOSX_DEPLOYMENT_TARGET = 10.8;
				ONLY_ACTIVE_ARCH = YES;
				SDKROOT = macosx;
			};
			name = Debug;
		};
		B3B71944181B092300055AD4 /* Release */ = {
			isa = XCBuildConfiguration;
			buildSettings = {
				ALWAYS_SEARCH_USER_PATHS = NO;
				CLANG_CXX_LANGUAGE_STANDARD = "gnu++0x";
				CLANG_CXX_LIBRARY = "libc++";
				CLANG_ENABLE_OBJC_ARC = YES;
				CLANG_WARN_BOOL_CONVERSION = YES;
				CLANG_WARN_CONSTANT_CONVERSION = YES;
				CLANG_WARN_DIRECT_OBJC_ISA_USAGE = YES_ERROR;
				CLANG_WARN_EMPTY_BODY = YES;
				CLANG_WARN_ENUM_CONVERSION = YES;
				CLANG_WARN_INT_CONVERSION = YES;
				CLANG_WARN_OBJC_ROOT_CLASS = YES_ERROR;
				CLANG_WARN__DUPLICATE_METHOD_MATCH = YES;
				COPY_PHASE_STRIP = YES;
				DEBUG_INFORMATION_FORMAT = "dwarf-with-dsym";
				ENABLE_NS_ASSERTIONS = NO;
				GCC_C_LANGUAGE_STANDARD = gnu99;
				GCC_ENABLE_OBJC_EXCEPTIONS = YES;
				GCC_WARN_64_TO_32_BIT_CONVERSION = YES;
				GCC_WARN_ABOUT_RETURN_TYPE = YES_ERROR;
				GCC_WARN_UNDECLARED_SELECTOR = YES;
				GCC_WARN_UNINITIALIZED_AUTOS = YES;
				GCC_WARN_UNUSED_FUNCTION = YES;
				GCC_WARN_UNUSED_VARIABLE = YES;
				MACOSX_DEPLOYMENT_TARGET = 10.8;
				SDKROOT = macosx;
			};
			name = Release;
		};
		B3B7197D181B0C5500055AD4 /* Debug */ = {
			isa = XCBuildConfiguration;
			buildSettings = {
				GCC_PREPROCESSOR_DEFINITIONS = (
					"DEBUG=1",
					"$(inherited)",
				);
				MACOSX_DEPLOYMENT_TARGET = 10.8;
				PRODUCT_NAME = "$(TARGET_NAME)";
			};
			name = Debug;
		};
		B3B7197E181B0C5500055AD4 /* Release */ = {
			isa = XCBuildConfiguration;
			buildSettings = {
				MACOSX_DEPLOYMENT_TARGET = 10.8;
				PRODUCT_NAME = "$(TARGET_NAME)";
			};
			name = Release;
		};
		B3B71999181B0CFC00055AD4 /* Debug */ = {
			isa = XCBuildConfiguration;
			buildSettings = {
				GCC_PREPROCESSOR_DEFINITIONS = (
					"DEBUG=1",
					"$(inherited)",
				);
				PRODUCT_NAME = "$(TARGET_NAME)";
			};
			name = Debug;
		};
		B3B7199A181B0CFC00055AD4 /* Release */ = {
			isa = XCBuildConfiguration;
			buildSettings = {
				PRODUCT_NAME = "$(TARGET_NAME)";
			};
			name = Release;
		};
		B3E4D4361843CE3700EAA309 /* Debug */ = {
			isa = XCBuildConfiguration;
			buildSettings = {
				GCC_PREPROCESSOR_DEFINITIONS = (
					"DEBUG=1",
					"$(inherited)",
				);
				MACOSX_DEPLOYMENT_TARGET = 10.9;
				PRODUCT_NAME = "$(TARGET_NAME)";
			};
			name = Debug;
		};
		B3E4D4371843CE3700EAA309 /* Release */ = {
			isa = XCBuildConfiguration;
			buildSettings = {
				MACOSX_DEPLOYMENT_TARGET = 10.9;
				PRODUCT_NAME = "$(TARGET_NAME)";
			};
			name = Release;
		};
/* End XCBuildConfiguration section */

/* Begin XCConfigurationList section */
		B31E0A31181CBCF100E941E5 /* Build configuration list for PBXNativeTarget "pc_simulate" */ = {
			isa = XCConfigurationList;
			buildConfigurations = (
				B31E0A32181CBCF100E941E5 /* Debug */,
				B31E0A33181CBCF100E941E5 /* Release */,
			);
			defaultConfigurationIsVisible = 0;
			defaultConfigurationName = Release;
		};
		B3B71937181B092300055AD4 /* Build configuration list for PBXProject "PolarCodes" */ = {
			isa = XCConfigurationList;
			buildConfigurations = (
				B3B71943181B092300055AD4 /* Debug */,
				B3B71944181B092300055AD4 /* Release */,
			);
			defaultConfigurationIsVisible = 0;
			defaultConfigurationName = Release;
		};
		B3B7197C181B0C5500055AD4 /* Build configuration list for PBXNativeTarget "Test_double_ei" */ = {
			isa = XCConfigurationList;
			buildConfigurations = (
				B3B7197D181B0C5500055AD4 /* Debug */,
				B3B7197E181B0C5500055AD4 /* Release */,
			);
			defaultConfigurationIsVisible = 0;
			defaultConfigurationName = Release;
		};
		B3B71998181B0CFC00055AD4 /* Build configuration list for PBXNativeTarget "pc_construction" */ = {
			isa = XCConfigurationList;
			buildConfigurations = (
				B3B71999181B0CFC00055AD4 /* Debug */,
				B3B7199A181B0CFC00055AD4 /* Release */,
			);
			defaultConfigurationIsVisible = 0;
			defaultConfigurationName = Release;
		};
		B3E4D4381843CE3700EAA309 /* Build configuration list for PBXNativeTarget "Test_bec" */ = {
			isa = XCConfigurationList;
			buildConfigurations = (
				B3E4D4361843CE3700EAA309 /* Debug */,
				B3E4D4371843CE3700EAA309 /* Release */,
			);
			defaultConfigurationIsVisible = 0;
			defaultConfigurationName = Release;
		};
/* End XCConfigurationList section */
	};
	rootObject = B3B71934181B092300055AD4 /* Project object */;
}
